Microsoft Visual Studio Solution File, Format Version 12.00
# Visual Studio 2012
Project("{FAE04EC0-301F-11D3-BF4B-00C04F79EFBC}") = "Misty", "Misty.csproj", "{CDEFA92E-62D4-4A38-AB13-0BEC523E25B1}"
EndProject
Global
	GlobalSection(SolutionConfigurationPlatforms) = preSolution
	Debug|Any CPU = Debug|Any CPU
	ExportDebug|Any CPU = ExportDebug|Any CPU
	ExportRelease|Any CPU = ExportRelease|Any CPU
	EndGlobalSection
	GlobalSection(ProjectConfigurationPlatforms) = postSolution
		{CDEFA92E-62D4-4A38-AB13-0BEC523E25B1}.Debug|Any CPU.ActiveCfg = Debug|Any CPU
		{CDEFA92E-62D4-4A38-AB13-0BEC523E25B1}.Debug|Any CPU.Build.0 = Debug|Any CPU
		{CDEFA92E-62D4-4A38-AB13-0BEC523E25B1}.ExportDebug|Any CPU.ActiveCfg = ExportDebug|Any CPU
		{CDEFA92E-62D4-4A38-AB13-0BEC523E25B1}.ExportDebug|Any CPU.Build.0 = ExportDebug|Any CPU
		{CDEFA92E-62D4-4A38-AB13-0BEC523E25B1}.ExportRelease|Any CPU.ActiveCfg = ExportRelease|Any CPU
		{CDEFA92E-62D4-4A38-AB13-0BEC523E25B1}.ExportRelease|Any CPU.Build.0 = ExportRelease|Any CPU
	EndGlobalSection
EndGlobal
